
Microsoft Visual Studio Solution File, Format Version 12.00
# Visual Studio Version 17
VisualStudioVersion = 17.13.35913.81 d17.13
MinimumVisualStudioVersion = 10.0.40219.1
Project("{FAE04EC0-301F-11D3-BF4B-00C04F79EFBC}") = "Vista", "Vista.csproj", "{68A40D02-CBC0-4FBB-967E-A16B20C64081}"
EndProject
Global
	GlobalSection(SolutionConfigurationPlatforms) = preSolution
		Debug|Any CPU = Debug|Any CPU
		Release|Any CPU = Release|Any CPU
	EndGlobalSection
	GlobalSection(ProjectConfigurationPlatforms) = postSolution
		{68A40D02-CBC0-4FBB-967E-A16B20C64081}.Debug|Any CPU.ActiveCfg = Debug|Any CPU
		{68A40D02-CBC0-4FBB-967E-A16B20C64081}.Debug|Any CPU.Build.0 = Debug|Any CPU
		{68A40D02-CBC0-4FBB-967E-A16B20C64081}.Release|Any CPU.ActiveCfg = Release|Any CPU
		{68A40D02-CBC0-4FBB-967E-A16B20C64081}.Release|Any CPU.Build.0 = Release|Any CPU
	EndGlobalSection
	GlobalSection(SolutionProperties) = preSolution
		HideSolutionNode = FALSE
	EndGlobalSection
	GlobalSection(ExtensibilityGlobals) = postSolution
		SolutionGuid = {6E124E3D-43B1-4717-BF4B-887DE0809A67}
	EndGlobalSection
EndGlobal
