
Microsoft Visual Studio Solution File, Format Version 12.00
# Visual Studio Version 17
VisualStudioVersion = 17.13.35919.96 d17.13
MinimumVisualStudioVersion = 10.0.40219.1
Project("{FAE04EC0-301F-11D3-BF4B-00C04F79EFBC}") = "Presentacion", "Presentacion\Presentacion.csproj", "{596CDC78-9A45-4429-8E90-940484A7861C}"
EndProject
Project("{FAE04EC0-301F-11D3-BF4B-00C04F79EFBC}") = "Logica", "Logica\Logica.csproj", "{73CFA2C0-E7CC-4D8E-BDD0-28B6C0C1F492}"
EndProject
Project("{FAE04EC0-301F-11D3-BF4B-00C04F79EFBC}") = "Modelo", "Modelo\Modelo.csproj", "{ED6CEF12-033D-4DED-994F-941EE28AC567}"
EndProject
Global
	GlobalSection(SolutionConfigurationPlatforms) = preSolution
		Debug|Any CPU = Debug|Any CPU
		Release|Any CPU = Release|Any CPU
	EndGlobalSection
	GlobalSection(ProjectConfigurationPlatforms) = postSolution
		{596CDC78-9A45-4429-8E90-940484A7861C}.Debug|Any CPU.ActiveCfg = Debug|Any CPU
		{596CDC78-9A45-4429-8E90-940484A7861C}.Debug|Any CPU.Build.0 = Debug|Any CPU
		{596CDC78-9A45-4429-8E90-940484A7861C}.Release|Any CPU.ActiveCfg = Release|Any CPU
		{596CDC78-9A45-4429-8E90-940484A7861C}.Release|Any CPU.Build.0 = Release|Any CPU
		{73CFA2C0-E7CC-4D8E-BDD0-28B6C0C1F492}.Debug|Any CPU.ActiveCfg = Debug|Any CPU
		{73CFA2C0-E7CC-4D8E-BDD0-28B6C0C1F492}.Debug|Any CPU.Build.0 = Debug|Any CPU
		{73CFA2C0-E7CC-4D8E-BDD0-28B6C0C1F492}.Release|Any CPU.ActiveCfg = Release|Any CPU
		{73CFA2C0-E7CC-4D8E-BDD0-28B6C0C1F492}.Release|Any CPU.Build.0 = Release|Any CPU
		{ED6CEF12-033D-4DED-994F-941EE28AC567}.Debug|Any CPU.ActiveCfg = Debug|Any CPU
		{ED6CEF12-033D-4DED-994F-941EE28AC567}.Debug|Any CPU.Build.0 = Debug|Any CPU
		{ED6CEF12-033D-4DED-994F-941EE28AC567}.Release|Any CPU.ActiveCfg = Release|Any CPU
		{ED6CEF12-033D-4DED-994F-941EE28AC567}.Release|Any CPU.Build.0 = Release|Any CPU
	EndGlobalSection
	GlobalSection(SolutionProperties) = preSolution
		HideSolutionNode = FALSE
	EndGlobalSection
	GlobalSection(ExtensibilityGlobals) = postSolution
		SolutionGuid = {7ED5D13D-6627-4404-A409-D368DE040A5F}
	EndGlobalSection
EndGlobal
